
Microsoft Visual Studio Solution File, Format Version 12.00
# Visual Studio 15
Project("{FAE04EC0-301F-11D3-BF4B-00C04F79EFBC}") = "Assembly-CSharp", "Assembly-CSharp.csproj", "{74B66E6C-61A7-EE53-ADCA-ABDD90E88206}"
EndProject
Project("{FAE04EC0-301F-11D3-BF4B-00C04F79EFBC}") = "Assembly-CSharp-Editor", "Assembly-CSharp-Editor.csproj", "{C6F4B182-3ACB-20B7-3914-7A7674C193A2}"
EndProject
Global
	GlobalSection(SolutionConfigurationPlatforms) = preSolution
		Debug|Any CPU = Debug|Any CPU
		Release|Any CPU = Release|Any CPU
	EndGlobalSection
	GlobalSection(ProjectConfigurationPlatforms) = postSolution
		{74B66E6C-61A7-EE53-ADCA-ABDD90E88206}.Debug|Any CPU.ActiveCfg = Debug|Any CPU
		{74B66E6C-61A7-EE53-ADCA-ABDD90E88206}.Debug|Any CPU.Build.0 = Debug|Any CPU
		{74B66E6C-61A7-EE53-ADCA-ABDD90E88206}.Release|Any CPU.ActiveCfg = Release|Any CPU
		{74B66E6C-61A7-EE53-ADCA-ABDD90E88206}.Release|Any CPU.Build.0 = Release|Any CPU
		{C6F4B182-3ACB-20B7-3914-7A7674C193A2}.Debug|Any CPU.ActiveCfg = Debug|Any CPU
		{C6F4B182-3ACB-20B7-3914-7A7674C193A2}.Debug|Any CPU.Build.0 = Debug|Any CPU
		{C6F4B182-3ACB-20B7-3914-7A7674C193A2}.Release|Any CPU.ActiveCfg = Release|Any CPU
		{C6F4B182-3ACB-20B7-3914-7A7674C193A2}.Release|Any CPU.Build.0 = Release|Any CPU
	EndGlobalSection
	GlobalSection(SolutionProperties) = preSolution
		HideSolutionNode = FALSE
	EndGlobalSection
EndGlobal
